
Microsoft Visual Studio Solution File, Format Version 12.00
# Visual Studio 15
VisualStudioVersion = 15.0.28307.645
MinimumVisualStudioVersion = 10.0.40219.1
Project("{FAE04EC0-301F-11D3-BF4B-00C04F79EFBC}") = "ExcelCopy", "ExcelCopy.csproj", "{D608419E-5205-46B8-B50B-C616D87DE7E5}"
EndProject
Global
	GlobalSection(SolutionConfigurationPlatforms) = preSolution
		Debug|Any CPU = Debug|Any CPU
		Release|Any CPU = Release|Any CPU
	EndGlobalSection
	GlobalSection(ProjectConfigurationPlatforms) = postSolution
		{D608419E-5205-46B8-B50B-C616D87DE7E5}.Debug|Any CPU.ActiveCfg = Debug|Any CPU
		{D608419E-5205-46B8-B50B-C616D87DE7E5}.Debug|Any CPU.Build.0 = Debug|Any CPU
		{D608419E-5205-46B8-B50B-C616D87DE7E5}.Release|Any CPU.ActiveCfg = Release|Any CPU
		{D608419E-5205-46B8-B50B-C616D87DE7E5}.Release|Any CPU.Build.0 = Release|Any CPU
	EndGlobalSection
	GlobalSection(SolutionProperties) = preSolution
		HideSolutionNode = FALSE
	EndGlobalSection
	GlobalSection(ExtensibilityGlobals) = postSolution
		SolutionGuid = {7414FEA2-2733-4905-BE3A-265923C093D9}
	EndGlobalSection
EndGlobal
